
Microsoft Visual Studio Solution File, Format Version 12.00
# Visual Studio 15
VisualStudioVersion = 15.0.28307.645
MinimumVisualStudioVersion = 10.0.40219.1
Project("{9A19103F-16F7-4668-BE54-9A1E7A4F7556}") = "SuperMarioLang", "SuperMarioLang\SuperMarioLang.csproj", "{A341DE18-59C7-4339-924D-E479CF6CE32B}"
EndProject
Project("{2150E333-8FDC-42A3-9474-1A3956D46DE8}") = "Examples", "Examples", "{7CF452D4-DFD4-433A-A6C7-CAFD5BDDE39B}"
	ProjectSection(SolutionItems) = preProject
		Examples\Arrow.sml = Examples\Arrow.sml
		Examples\Ascii.sml = Examples\Ascii.sml
		Examples\CharFreq.sml = Examples\CharFreq.sml
		Examples\Compass.sml = Examples\Compass.sml
		Examples\HelloWorld.sml = Examples\HelloWorld.sml
		Examples\NewCommands.sml = Examples\NewCommands.sml
	EndProjectSection
EndProject
Project("{2150E333-8FDC-42A3-9474-1A3956D46DE8}") = "Solution Items", "Solution Items", "{284AE615-5A18-40E3-A888-479E291177D8}"
	ProjectSection(SolutionItems) = preProject
		Readme.md = Readme.md
	EndProjectSection
EndProject
Project("{9A19103F-16F7-4668-BE54-9A1E7A4F7556}") = "SuperMarioLang.Tests", "SuperMarioLang.Tests\SuperMarioLang.Tests.csproj", "{2F087F0B-3BD9-4522-88E5-7EC4BE61DD9B}"
EndProject
Global
	GlobalSection(SolutionConfigurationPlatforms) = preSolution
		Debug|Any CPU = Debug|Any CPU
		Release|Any CPU = Release|Any CPU
	EndGlobalSection
	GlobalSection(ProjectConfigurationPlatforms) = postSolution
		{A341DE18-59C7-4339-924D-E479CF6CE32B}.Debug|Any CPU.ActiveCfg = Debug|Any CPU
		{A341DE18-59C7-4339-924D-E479CF6CE32B}.Debug|Any CPU.Build.0 = Debug|Any CPU
		{A341DE18-59C7-4339-924D-E479CF6CE32B}.Release|Any CPU.ActiveCfg = Release|Any CPU
		{A341DE18-59C7-4339-924D-E479CF6CE32B}.Release|Any CPU.Build.0 = Release|Any CPU
		{2F087F0B-3BD9-4522-88E5-7EC4BE61DD9B}.Debug|Any CPU.ActiveCfg = Debug|Any CPU
		{2F087F0B-3BD9-4522-88E5-7EC4BE61DD9B}.Debug|Any CPU.Build.0 = Debug|Any CPU
		{2F087F0B-3BD9-4522-88E5-7EC4BE61DD9B}.Release|Any CPU.ActiveCfg = Release|Any CPU
		{2F087F0B-3BD9-4522-88E5-7EC4BE61DD9B}.Release|Any CPU.Build.0 = Release|Any CPU
	EndGlobalSection
	GlobalSection(SolutionProperties) = preSolution
		HideSolutionNode = FALSE
	EndGlobalSection
	GlobalSection(ExtensibilityGlobals) = postSolution
		SolutionGuid = {5D2E3342-BE1B-45F6-ACEF-046177A2836B}
	EndGlobalSection
EndGlobal
